
Microsoft Visual Studio Solution File, Format Version 12.00
# Visual Studio 15
VisualStudioVersion = 15.0.27130.2027
MinimumVisualStudioVersion = 10.0.40219.1
Project("{8BC9CEB8-8B4A-11D0-8D11-00A0C91BC942}") = "practice-1", "practice-1\practice-1.vcxproj", "{5130031A-C655-40F9-9E70-A14975F5F54F}"
EndProject
Global
	GlobalSection(SolutionConfigurationPlatforms) = preSolution
		Debug|x64 = Debug|x64
		Debug|x86 = Debug|x86
		Release|x64 = Release|x64
		Release|x86 = Release|x86
	EndGlobalSection
	GlobalSection(ProjectConfigurationPlatforms) = postSolution
		{5130031A-C655-40F9-9E70-A14975F5F54F}.Debug|x64.ActiveCfg = Debug|x64
		{5130031A-C655-40F9-9E70-A14975F5F54F}.Debug|x64.Build.0 = Debug|x64
		{5130031A-C655-40F9-9E70-A14975F5F54F}.Debug|x86.ActiveCfg = Debug|Win32
		{5130031A-C655-40F9-9E70-A14975F5F54F}.Debug|x86.Build.0 = Debug|Win32
		{5130031A-C655-40F9-9E70-A14975F5F54F}.Release|x64.ActiveCfg = Release|x64
		{5130031A-C655-40F9-9E70-A14975F5F54F}.Release|x64.Build.0 = Release|x64
		{5130031A-C655-40F9-9E70-A14975F5F54F}.Release|x86.ActiveCfg = Release|Win32
		{5130031A-C655-40F9-9E70-A14975F5F54F}.Release|x86.Build.0 = Release|Win32
	EndGlobalSection
	GlobalSection(SolutionProperties) = preSolution
		HideSolutionNode = FALSE
	EndGlobalSection
	GlobalSection(ExtensibilityGlobals) = postSolution
		SolutionGuid = {B5F67BE3-7DA5-4A4D-9883-CEA29CDACBDD}
	EndGlobalSection
EndGlobal
